
Microsoft Visual Studio Solution File, Format Version 12.00
# Visual Studio Version 16
VisualStudioVersion = 16.0.31624.102
MinimumVisualStudioVersion = 10.0.40219.1
Project("{FAE04EC0-301F-11D3-BF4B-00C04F79EFBC}") = "Lab3. Exercises.Register", "Lab3. Exercises.Register\Lab3. Exercises.Register.csproj", "{1BC7AC0F-00C5-44D3-9CBD-84365D04CDE4}"
EndProject
Project("{FAE04EC0-301F-11D3-BF4B-00C04F79EFBC}") = "Sav_4", "Sav_4\Sav_4.csproj", "{36846459-F25B-404C-AD9B-56E1875A6A28}"
EndProject
Global
	GlobalSection(SolutionConfigurationPlatforms) = preSolution
		Debug|Any CPU = Debug|Any CPU
		Release|Any CPU = Release|Any CPU
	EndGlobalSection
	GlobalSection(ProjectConfigurationPlatforms) = postSolution
		{1BC7AC0F-00C5-44D3-9CBD-84365D04CDE4}.Debug|Any CPU.ActiveCfg = Debug|Any CPU
		{1BC7AC0F-00C5-44D3-9CBD-84365D04CDE4}.Debug|Any CPU.Build.0 = Debug|Any CPU
		{1BC7AC0F-00C5-44D3-9CBD-84365D04CDE4}.Release|Any CPU.ActiveCfg = Release|Any CPU
		{1BC7AC0F-00C5-44D3-9CBD-84365D04CDE4}.Release|Any CPU.Build.0 = Release|Any CPU
		{36846459-F25B-404C-AD9B-56E1875A6A28}.Debug|Any CPU.ActiveCfg = Debug|Any CPU
		{36846459-F25B-404C-AD9B-56E1875A6A28}.Debug|Any CPU.Build.0 = Debug|Any CPU
		{36846459-F25B-404C-AD9B-56E1875A6A28}.Release|Any CPU.ActiveCfg = Release|Any CPU
		{36846459-F25B-404C-AD9B-56E1875A6A28}.Release|Any CPU.Build.0 = Release|Any CPU
	EndGlobalSection
	GlobalSection(SolutionProperties) = preSolution
		HideSolutionNode = FALSE
	EndGlobalSection
	GlobalSection(ExtensibilityGlobals) = postSolution
		SolutionGuid = {EEE79F14-BA02-4CC1-9A1B-C98737F8C763}
	EndGlobalSection
EndGlobal
