
Microsoft Visual Studio Solution File, Format Version 12.00
# Visual Studio Version 16
VisualStudioVersion = 16.0.31624.102
MinimumVisualStudioVersion = 10.0.40219.1
Project("{FAE04EC0-301F-11D3-BF4B-00C04F79EFBC}") = "Lab1. Exercises.Register", "Lab1. Exercises.Register\Lab1. Exercises.Register.csproj", "{BCBAD86F-ADDC-4F7B-8F7A-105DB90CB882}"
EndProject
Project("{FAE04EC0-301F-11D3-BF4B-00C04F79EFBC}") = "Lab1_Sav1", "Lab1_Sav1\Lab1_Sav1.csproj", "{2FA56B49-FE19-4F53-8B7E-9C44CA2D03ED}"
EndProject
Global
	GlobalSection(SolutionConfigurationPlatforms) = preSolution
		Debug|Any CPU = Debug|Any CPU
		Release|Any CPU = Release|Any CPU
	EndGlobalSection
	GlobalSection(ProjectConfigurationPlatforms) = postSolution
		{BCBAD86F-ADDC-4F7B-8F7A-105DB90CB882}.Debug|Any CPU.ActiveCfg = Debug|Any CPU
		{BCBAD86F-ADDC-4F7B-8F7A-105DB90CB882}.Debug|Any CPU.Build.0 = Debug|Any CPU
		{BCBAD86F-ADDC-4F7B-8F7A-105DB90CB882}.Release|Any CPU.ActiveCfg = Release|Any CPU
		{BCBAD86F-ADDC-4F7B-8F7A-105DB90CB882}.Release|Any CPU.Build.0 = Release|Any CPU
		{2FA56B49-FE19-4F53-8B7E-9C44CA2D03ED}.Debug|Any CPU.ActiveCfg = Debug|Any CPU
		{2FA56B49-FE19-4F53-8B7E-9C44CA2D03ED}.Debug|Any CPU.Build.0 = Debug|Any CPU
		{2FA56B49-FE19-4F53-8B7E-9C44CA2D03ED}.Release|Any CPU.ActiveCfg = Release|Any CPU
		{2FA56B49-FE19-4F53-8B7E-9C44CA2D03ED}.Release|Any CPU.Build.0 = Release|Any CPU
	EndGlobalSection
	GlobalSection(SolutionProperties) = preSolution
		HideSolutionNode = FALSE
	EndGlobalSection
	GlobalSection(ExtensibilityGlobals) = postSolution
		SolutionGuid = {87A5F718-6F0C-4877-B211-94A2339D7571}
	EndGlobalSection
EndGlobal
